<?xml version="1.0" encoding="UTF-8" standalone="yes" ?>
<CodeBlocks_project_file>
   <FileVersion major="1" minor="6" />
   <Project>
      <Option title="test_icp" />
      <Option makefile_is_custom="1" />
      <Option compiler="gcc" />
      <Option virtualFolders="CMake Files\;CMake Files\..\;CMake Files\..\..\;CMake Files\..\..\..\;CMake Files\..\..\..\..\;CMake Files\..\..\..\..\..\;CMake Files\..\..\..\..\..\..\;CMake Files\..\..\..\..\..\..\usr\;CMake Files\..\..\..\..\..\..\usr\local\;CMake Files\..\..\..\..\..\..\usr\local\share\;CMake Files\..\..\..\..\..\..\usr\local\share\libpointmatcher\;CMake Files\..\..\..\..\..\..\usr\local\share\libpointmatcher\cmake\;" />
      <Build>
      <Target title="all">
         <Option working_dir="/home/julia/Documents/test_libpointmatcher/icp/build-icp_debug-Desktop-Debug" />
         <Option type="4" />
         <MakeCommands>
            <Build command="/usr/bin/make -f &quot;/home/julia/Documents/test_libpointmatcher/icp/build-icp_debug-Desktop-Debug/Makefile&quot;  VERBOSE=1 all" />
            <CompileFile command="/usr/bin/make -f &quot;/home/julia/Documents/test_libpointmatcher/icp/build-icp_debug-Desktop-Debug/Makefile&quot;  VERBOSE=1 &quot;$file&quot;" />
            <Clean command="/usr/bin/make -f &quot;/home/julia/Documents/test_libpointmatcher/icp/build-icp_debug-Desktop-Debug/Makefile&quot;  VERBOSE=1 clean" />
            <DistClean command="/usr/bin/make -f &quot;/home/julia/Documents/test_libpointmatcher/icp/build-icp_debug-Desktop-Debug/Makefile&quot;  VERBOSE=1 clean" />
         </MakeCommands>
      </Target>
      <Target title="edit_cache">
         <Option working_dir="/home/julia/Documents/test_libpointmatcher/icp/build-icp_debug-Desktop-Debug" />
         <Option type="4" />
         <MakeCommands>
            <Build command="/usr/bin/make -f &quot;/home/julia/Documents/test_libpointmatcher/icp/build-icp_debug-Desktop-Debug/Makefile&quot;  VERBOSE=1 edit_cache" />
            <CompileFile command="/usr/bin/make -f &quot;/home/julia/Documents/test_libpointmatcher/icp/build-icp_debug-Desktop-Debug/Makefile&quot;  VERBOSE=1 &quot;$file&quot;" />
            <Clean command="/usr/bin/make -f &quot;/home/julia/Documents/test_libpointmatcher/icp/build-icp_debug-Desktop-Debug/Makefile&quot;  VERBOSE=1 clean" />
            <DistClean command="/usr/bin/make -f &quot;/home/julia/Documents/test_libpointmatcher/icp/build-icp_debug-Desktop-Debug/Makefile&quot;  VERBOSE=1 clean" />
         </MakeCommands>
      </Target>
      <Target title="rebuild_cache">
         <Option working_dir="/home/julia/Documents/test_libpointmatcher/icp/build-icp_debug-Desktop-Debug" />
         <Option type="4" />
         <MakeCommands>
            <Build command="/usr/bin/make -f &quot;/home/julia/Documents/test_libpointmatcher/icp/build-icp_debug-Desktop-Debug/Makefile&quot;  VERBOSE=1 rebuild_cache" />
            <CompileFile command="/usr/bin/make -f &quot;/home/julia/Documents/test_libpointmatcher/icp/build-icp_debug-Desktop-Debug/Makefile&quot;  VERBOSE=1 &quot;$file&quot;" />
            <Clean command="/usr/bin/make -f &quot;/home/julia/Documents/test_libpointmatcher/icp/build-icp_debug-Desktop-Debug/Makefile&quot;  VERBOSE=1 clean" />
            <DistClean command="/usr/bin/make -f &quot;/home/julia/Documents/test_libpointmatcher/icp/build-icp_debug-Desktop-Debug/Makefile&quot;  VERBOSE=1 clean" />
         </MakeCommands>
      </Target>
      <Target title="test_icp">
         <Option output="/home/julia/Documents/test_libpointmatcher/icp/build-icp_debug-Desktop-Debug/test_icp" prefix_auto="0" extension_auto="0" />
         <Option working_dir="/home/julia/Documents/test_libpointmatcher/icp/build-icp_debug-Desktop-Debug" />
         <Option object_output="./" />
         <Option type="1" />
         <Option compiler="gcc" />
         <Compiler>
            <Add directory="/usr/include" />
            <Add directory="/usr/include/c++/6" />
            <Add directory="/usr/include/c++/6/backward" />
            <Add directory="/usr/include/eigen3" />
            <Add directory="/usr/include/x86_64-linux-gnu" />
            <Add directory="/usr/include/x86_64-linux-gnu/c++/6" />
            <Add directory="/usr/lib/gcc/x86_64-linux-gnu/6/include" />
            <Add directory="/usr/lib/gcc/x86_64-linux-gnu/6/include-fixed" />
            <Add directory="/usr/local/include" />
         </Compiler>
         <MakeCommands>
            <Build command="/usr/bin/make -f &quot;/home/julia/Documents/test_libpointmatcher/icp/build-icp_debug-Desktop-Debug/Makefile&quot;  VERBOSE=1 test_icp" />
            <CompileFile command="/usr/bin/make -f &quot;/home/julia/Documents/test_libpointmatcher/icp/build-icp_debug-Desktop-Debug/Makefile&quot;  VERBOSE=1 &quot;$file&quot;" />
            <Clean command="/usr/bin/make -f &quot;/home/julia/Documents/test_libpointmatcher/icp/build-icp_debug-Desktop-Debug/Makefile&quot;  VERBOSE=1 clean" />
            <DistClean command="/usr/bin/make -f &quot;/home/julia/Documents/test_libpointmatcher/icp/build-icp_debug-Desktop-Debug/Makefile&quot;  VERBOSE=1 clean" />
         </MakeCommands>
      </Target>
      <Target title="test_icp/fast">
         <Option output="/home/julia/Documents/test_libpointmatcher/icp/build-icp_debug-Desktop-Debug/test_icp" prefix_auto="0" extension_auto="0" />
         <Option working_dir="/home/julia/Documents/test_libpointmatcher/icp/build-icp_debug-Desktop-Debug" />
         <Option object_output="./" />
         <Option type="1" />
         <Option compiler="gcc" />
         <Compiler>
            <Add directory="/usr/include" />
            <Add directory="/usr/include/c++/6" />
            <Add directory="/usr/include/c++/6/backward" />
            <Add directory="/usr/include/eigen3" />
            <Add directory="/usr/include/x86_64-linux-gnu" />
            <Add directory="/usr/include/x86_64-linux-gnu/c++/6" />
            <Add directory="/usr/lib/gcc/x86_64-linux-gnu/6/include" />
            <Add directory="/usr/lib/gcc/x86_64-linux-gnu/6/include-fixed" />
            <Add directory="/usr/local/include" />
         </Compiler>
         <MakeCommands>
            <Build command="/usr/bin/make -f &quot;/home/julia/Documents/test_libpointmatcher/icp/build-icp_debug-Desktop-Debug/Makefile&quot;  VERBOSE=1 test_icp/fast" />
            <CompileFile command="/usr/bin/make -f &quot;/home/julia/Documents/test_libpointmatcher/icp/build-icp_debug-Desktop-Debug/Makefile&quot;  VERBOSE=1 &quot;$file&quot;" />
            <Clean command="/usr/bin/make -f &quot;/home/julia/Documents/test_libpointmatcher/icp/build-icp_debug-Desktop-Debug/Makefile&quot;  VERBOSE=1 clean" />
            <DistClean command="/usr/bin/make -f &quot;/home/julia/Documents/test_libpointmatcher/icp/build-icp_debug-Desktop-Debug/Makefile&quot;  VERBOSE=1 clean" />
         </MakeCommands>
      </Target>
      </Build>
      <Unit filename="/home/julia/Documents/test_libpointmatcher/icp/icp_debug/CMakeLists.txt">
          <Option virtualFolder="CMake Files\" />
      </Unit>
      <Unit filename="/home/julia/Documents/test_libpointmatcher/icp/icp_debug/../../../../../../usr/local/share/libpointmatcher/cmake/libpointmatcherConfigVersion.cmake">
          <Option virtualFolder="CMake Files\..\..\..\..\..\..\usr\local\share\libpointmatcher\cmake\" />
      </Unit>
      <Unit filename="/home/julia/Documents/test_libpointmatcher/icp/icp_debug/../../../../../../usr/local/share/libpointmatcher/cmake/libpointmatcherConfig.cmake">
          <Option virtualFolder="CMake Files\..\..\..\..\..\..\usr\local\share\libpointmatcher\cmake\" />
      </Unit>
   </Project>
</CodeBlocks_project_file>
